# This file is autogenerated, do not edit; changes may be undone by the next 'dep ensure'.


[[projects]]
  name = "github.com/joho/godotenv"
  packages = ["."]
  revision = "a79fa1e548e2c689c241d10173efd51e5d689d5b"
  version = "v1.2.0"

[[projects]]
  branch = "master"
  name = "github.com/lib/pq"
  packages = [
    ".",
    "oid"
  ]
  revision = "90697d60dd844d5ef6ff15135d0203f65d2f53b8"

[[projects]]
  branch = "master"
  name = "golang.org/x/crypto"
  packages = [
    "bcrypt",
    "blowfish"
  ]
  revision = "de0752318171da717af4ce24d0a2e8626afaeb11"

[solve-meta]
  analyzer-name = "dep"
  analyzer-version = 1
  inputs-digest = "a92fcfafa34d5647ed9735a21e3102934bf72a6d69a3a85144806ea73b867e16"
  solver-name = "gps-cdcl"
  solver-version = 1
